
Microsoft Visual Studio Solution File, Format Version 12.00
# Visual Studio Version 17
VisualStudioVersion = 17.4.33122.133
MinimumVisualStudioVersion = 10.0.40219.1
Project("{FAE04EC0-301F-11D3-BF4B-00C04F79EFBC}") = "SocketCliente", "SocketCliente\SocketCliente.csproj", "{03E02F56-1696-442C-92B1-2DFCD295B83F}"
EndProject
Global
	GlobalSection(SolutionConfigurationPlatforms) = preSolution
		Debug|Any CPU = Debug|Any CPU
		Release|Any CPU = Release|Any CPU
	EndGlobalSection
	GlobalSection(ProjectConfigurationPlatforms) = postSolution
		{03E02F56-1696-442C-92B1-2DFCD295B83F}.Debug|Any CPU.ActiveCfg = Debug|Any CPU
		{03E02F56-1696-442C-92B1-2DFCD295B83F}.Debug|Any CPU.Build.0 = Debug|Any CPU
		{03E02F56-1696-442C-92B1-2DFCD295B83F}.Release|Any CPU.ActiveCfg = Release|Any CPU
		{03E02F56-1696-442C-92B1-2DFCD295B83F}.Release|Any CPU.Build.0 = Release|Any CPU
	EndGlobalSection
	GlobalSection(SolutionProperties) = preSolution
		HideSolutionNode = FALSE
	EndGlobalSection
	GlobalSection(ExtensibilityGlobals) = postSolution
		SolutionGuid = {A78CA8E0-4D31-4017-AF21-BA476A38B8F5}
	EndGlobalSection
EndGlobal
